
Microsoft Visual Studio Solution File, Format Version 12.00
# Visual Studio 2012
Project("{FAE04EC0-301F-11D3-BF4B-00C04F79EFBC}") = "GoogleMap", "GoogleMap\GoogleMap.csproj", "{BE913C6E-7025-4948-B492-FF48392466D4}"
EndProject
Project("{FAE04EC0-301F-11D3-BF4B-00C04F79EFBC}") = "GMAPTest", "GMAPTest\GMAPTest.csproj", "{87B61B32-4B28-4DC6-B7E1-A369AC0F92BD}"
EndProject
Global
	GlobalSection(SolutionConfigurationPlatforms) = preSolution
		Debug|Any CPU = Debug|Any CPU
		Debug|x64 = Debug|x64
		Debug|x86 = Debug|x86
		Release|Any CPU = Release|Any CPU
		Release|x64 = Release|x64
		Release|x86 = Release|x86
	EndGlobalSection
	GlobalSection(ProjectConfigurationPlatforms) = postSolution
		{BE913C6E-7025-4948-B492-FF48392466D4}.Debug|Any CPU.ActiveCfg = Debug|Any CPU
		{BE913C6E-7025-4948-B492-FF48392466D4}.Debug|Any CPU.Build.0 = Debug|Any CPU
		{BE913C6E-7025-4948-B492-FF48392466D4}.Debug|x64.ActiveCfg = Debug|Any CPU
		{BE913C6E-7025-4948-B492-FF48392466D4}.Debug|x86.ActiveCfg = Debug|Any CPU
		{BE913C6E-7025-4948-B492-FF48392466D4}.Release|Any CPU.ActiveCfg = Release|Any CPU
		{BE913C6E-7025-4948-B492-FF48392466D4}.Release|Any CPU.Build.0 = Release|Any CPU
		{BE913C6E-7025-4948-B492-FF48392466D4}.Release|x64.ActiveCfg = Release|Any CPU
		{BE913C6E-7025-4948-B492-FF48392466D4}.Release|x86.ActiveCfg = Release|Any CPU
		{87B61B32-4B28-4DC6-B7E1-A369AC0F92BD}.Debug|Any CPU.ActiveCfg = Debug|Any CPU
		{87B61B32-4B28-4DC6-B7E1-A369AC0F92BD}.Debug|Any CPU.Build.0 = Debug|Any CPU
		{87B61B32-4B28-4DC6-B7E1-A369AC0F92BD}.Debug|x64.ActiveCfg = Debug|Any CPU
		{87B61B32-4B28-4DC6-B7E1-A369AC0F92BD}.Debug|x86.ActiveCfg = Debug|Any CPU
		{87B61B32-4B28-4DC6-B7E1-A369AC0F92BD}.Release|Any CPU.ActiveCfg = Release|Any CPU
		{87B61B32-4B28-4DC6-B7E1-A369AC0F92BD}.Release|Any CPU.Build.0 = Release|Any CPU
		{87B61B32-4B28-4DC6-B7E1-A369AC0F92BD}.Release|x64.ActiveCfg = Release|Any CPU
		{87B61B32-4B28-4DC6-B7E1-A369AC0F92BD}.Release|x86.ActiveCfg = Release|Any CPU
	EndGlobalSection
	GlobalSection(SolutionProperties) = preSolution
		HideSolutionNode = FALSE
	EndGlobalSection
EndGlobal
